{
  "name": "videos-with-tweets",
  "version": "1.0.0",
  "lockfileVersion": 1,
  "requires": true,
  "dependencies": {
    "oauth": {
      "version": "0.9.15",
      "resolved": "https://registry.npmjs.org/oauth/-/oauth-0.9.15.tgz",
      "integrity": "sha1-vR/vr2hslrdUda7VGWQS/2DPucE="
    },
    "qs": {
      "version": "6.6.0",
      "resolved": "https://registry.npmjs.org/qs/-/qs-6.6.0.tgz",
      "integrity": "sha512-KIJqT9jQJDQx5h5uAVPimw6yVg2SekOKu959OCtktD3FjzbpvaPr8i4zzg07DOMz+igA4W/aNM7OV8H37pFYfA=="
    },
    "sentiment": {
      "version": "5.0.1",
      "resolved": "https://registry.npmjs.org/sentiment/-/sentiment-5.0.1.tgz",
      "integrity": "sha512-MSYs0mZKrBSsRTzou2hKlWuM6jQAm0AtFqAVtaRlqxjaxCTlVwTMz65VDeW9ov3aCcPM0Cvxcn5JnBo1mtreqg=="
    },
    "twitter-node-client": {
      "version": "0.0.6",
      "resolved": "https://registry.npmjs.org/twitter-node-client/-/twitter-node-client-0.0.6.tgz",
      "integrity": "sha1-maxget9z2FuR6U7i5xvbaFiwE3c=",
      "requires": {
        "oauth": "*",
        "qs": "*"
      }
    }
  }
}
